
Microsoft Visual Studio Solution File, Format Version 12.00
# Visual Studio Version 17
VisualStudioVersion = 17.3.32922.545
MinimumVisualStudioVersion = 10.0.40219.1
Project("{8BC9CEB8-8B4A-11D0-8D11-00A0C91BC942}") = "Task1", "Task1\Task1.vcxproj", "{726A86F7-000E-4423-9BE4-EE65D1EACF46}"
EndProject
Project("{8BC9CEB8-8B4A-11D0-8D11-00A0C91BC942}") = "Task2", "Task2\Task2.vcxproj", "{61D4CB1C-E8A8-4A92-A4B5-CCFAC09DC5EA}"
EndProject
Project("{8BC9CEB8-8B4A-11D0-8D11-00A0C91BC942}") = "Task3", "Task3\Task3.vcxproj", "{D92FDCCD-026E-4817-8FE4-A87592C85FB0}"
EndProject
Project("{8BC9CEB8-8B4A-11D0-8D11-00A0C91BC942}") = "Task4", "Task4\Task4.vcxproj", "{EB4E291D-47A3-48B1-86AF-7E1CAD62C078}"
EndProject
Project("{8BC9CEB8-8B4A-11D0-8D11-00A0C91BC942}") = "Task5", "Task5\Task5.vcxproj", "{49E36070-BD38-429A-92B3-8FC24F2BF4D9}"
EndProject
Project("{8BC9CEB8-8B4A-11D0-8D11-00A0C91BC942}") = "Task6", "Task6\Task6.vcxproj", "{D9D4F923-024D-4AB3-AD9E-33ABCF352496}"
EndProject
Project("{8BC9CEB8-8B4A-11D0-8D11-00A0C91BC942}") = "Task7", "Task7\Task7.vcxproj", "{BBD66EF5-5A21-4934-95FF-C43C2FD8AADF}"
EndProject
Project("{8BC9CEB8-8B4A-11D0-8D11-00A0C91BC942}") = "Task8", "Task8\Task8.vcxproj", "{7DEE4F77-7BEB-4E34-B69F-DA8E2314BB06}"
EndProject
Project("{8BC9CEB8-8B4A-11D0-8D11-00A0C91BC942}") = "Task9", "Task9\Task9.vcxproj", "{A6F68152-83AC-42C0-BBE8-006C764FA37C}"
EndProject
Global
	GlobalSection(SolutionConfigurationPlatforms) = preSolution
		Debug|x64 = Debug|x64
		Debug|x86 = Debug|x86
		Release|x64 = Release|x64
		Release|x86 = Release|x86
	EndGlobalSection
	GlobalSection(ProjectConfigurationPlatforms) = postSolution
		{726A86F7-000E-4423-9BE4-EE65D1EACF46}.Debug|x64.ActiveCfg = Debug|x64
		{726A86F7-000E-4423-9BE4-EE65D1EACF46}.Debug|x64.Build.0 = Debug|x64
		{726A86F7-000E-4423-9BE4-EE65D1EACF46}.Debug|x86.ActiveCfg = Debug|Win32
		{726A86F7-000E-4423-9BE4-EE65D1EACF46}.Debug|x86.Build.0 = Debug|Win32
		{726A86F7-000E-4423-9BE4-EE65D1EACF46}.Release|x64.ActiveCfg = Release|x64
		{726A86F7-000E-4423-9BE4-EE65D1EACF46}.Release|x64.Build.0 = Release|x64
		{726A86F7-000E-4423-9BE4-EE65D1EACF46}.Release|x86.ActiveCfg = Release|Win32
		{726A86F7-000E-4423-9BE4-EE65D1EACF46}.Release|x86.Build.0 = Release|Win32
		{61D4CB1C-E8A8-4A92-A4B5-CCFAC09DC5EA}.Debug|x64.ActiveCfg = Debug|x64
		{61D4CB1C-E8A8-4A92-A4B5-CCFAC09DC5EA}.Debug|x64.Build.0 = Debug|x64
		{61D4CB1C-E8A8-4A92-A4B5-CCFAC09DC5EA}.Debug|x86.ActiveCfg = Debug|Win32
		{61D4CB1C-E8A8-4A92-A4B5-CCFAC09DC5EA}.Debug|x86.Build.0 = Debug|Win32
		{61D4CB1C-E8A8-4A92-A4B5-CCFAC09DC5EA}.Release|x64.ActiveCfg = Release|x64
		{61D4CB1C-E8A8-4A92-A4B5-CCFAC09DC5EA}.Release|x64.Build.0 = Release|x64
		{61D4CB1C-E8A8-4A92-A4B5-CCFAC09DC5EA}.Release|x86.ActiveCfg = Release|Win32
		{61D4CB1C-E8A8-4A92-A4B5-CCFAC09DC5EA}.Release|x86.Build.0 = Release|Win32
		{D92FDCCD-026E-4817-8FE4-A87592C85FB0}.Debug|x64.ActiveCfg = Debug|x64
		{D92FDCCD-026E-4817-8FE4-A87592C85FB0}.Debug|x64.Build.0 = Debug|x64
		{D92FDCCD-026E-4817-8FE4-A87592C85FB0}.Debug|x86.ActiveCfg = Debug|Win32
		{D92FDCCD-026E-4817-8FE4-A87592C85FB0}.Debug|x86.Build.0 = Debug|Win32
		{D92FDCCD-026E-4817-8FE4-A87592C85FB0}.Release|x64.ActiveCfg = Release|x64
		{D92FDCCD-026E-4817-8FE4-A87592C85FB0}.Release|x64.Build.0 = Release|x64
		{D92FDCCD-026E-4817-8FE4-A87592C85FB0}.Release|x86.ActiveCfg = Release|Win32
		{D92FDCCD-026E-4817-8FE4-A87592C85FB0}.Release|x86.Build.0 = Release|Win32
		{EB4E291D-47A3-48B1-86AF-7E1CAD62C078}.Debug|x64.ActiveCfg = Debug|x64
		{EB4E291D-47A3-48B1-86AF-7E1CAD62C078}.Debug|x64.Build.0 = Debug|x64
		{EB4E291D-47A3-48B1-86AF-7E1CAD62C078}.Debug|x86.ActiveCfg = Debug|Win32
		{EB4E291D-47A3-48B1-86AF-7E1CAD62C078}.Debug|x86.Build.0 = Debug|Win32
		{EB4E291D-47A3-48B1-86AF-7E1CAD62C078}.Release|x64.ActiveCfg = Release|x64
		{EB4E291D-47A3-48B1-86AF-7E1CAD62C078}.Release|x64.Build.0 = Release|x64
		{EB4E291D-47A3-48B1-86AF-7E1CAD62C078}.Release|x86.ActiveCfg = Release|Win32
		{EB4E291D-47A3-48B1-86AF-7E1CAD62C078}.Release|x86.Build.0 = Release|Win32
		{49E36070-BD38-429A-92B3-8FC24F2BF4D9}.Debug|x64.ActiveCfg = Debug|x64
		{49E36070-BD38-429A-92B3-8FC24F2BF4D9}.Debug|x64.Build.0 = Debug|x64
		{49E36070-BD38-429A-92B3-8FC24F2BF4D9}.Debug|x86.ActiveCfg = Debug|Win32
		{49E36070-BD38-429A-92B3-8FC24F2BF4D9}.Debug|x86.Build.0 = Debug|Win32
		{49E36070-BD38-429A-92B3-8FC24F2BF4D9}.Release|x64.ActiveCfg = Release|x64
		{49E36070-BD38-429A-92B3-8FC24F2BF4D9}.Release|x64.Build.0 = Release|x64
		{49E36070-BD38-429A-92B3-8FC24F2BF4D9}.Release|x86.ActiveCfg = Release|Win32
		{49E36070-BD38-429A-92B3-8FC24F2BF4D9}.Release|x86.Build.0 = Release|Win32
		{D9D4F923-024D-4AB3-AD9E-33ABCF352496}.Debug|x64.ActiveCfg = Debug|x64
		{D9D4F923-024D-4AB3-AD9E-33ABCF352496}.Debug|x64.Build.0 = Debug|x64
		{D9D4F923-024D-4AB3-AD9E-33ABCF352496}.Debug|x86.ActiveCfg = Debug|Win32
		{D9D4F923-024D-4AB3-AD9E-33ABCF352496}.Debug|x86.Build.0 = Debug|Win32
		{D9D4F923-024D-4AB3-AD9E-33ABCF352496}.Release|x64.ActiveCfg = Release|x64
		{D9D4F923-024D-4AB3-AD9E-33ABCF352496}.Release|x64.Build.0 = Release|x64
		{D9D4F923-024D-4AB3-AD9E-33ABCF352496}.Release|x86.ActiveCfg = Release|Win32
		{D9D4F923-024D-4AB3-AD9E-33ABCF352496}.Release|x86.Build.0 = Release|Win32
		{BBD66EF5-5A21-4934-95FF-C43C2FD8AADF}.Debug|x64.ActiveCfg = Debug|x64
		{BBD66EF5-5A21-4934-95FF-C43C2FD8AADF}.Debug|x64.Build.0 = Debug|x64
		{BBD66EF5-5A21-4934-95FF-C43C2FD8AADF}.Debug|x86.ActiveCfg = Debug|Win32
		{BBD66EF5-5A21-4934-95FF-C43C2FD8AADF}.Debug|x86.Build.0 = Debug|Win32
		{BBD66EF5-5A21-4934-95FF-C43C2FD8AADF}.Release|x64.ActiveCfg = Release|x64
		{BBD66EF5-5A21-4934-95FF-C43C2FD8AADF}.Release|x64.Build.0 = Release|x64
		{BBD66EF5-5A21-4934-95FF-C43C2FD8AADF}.Release|x86.ActiveCfg = Release|Win32
		{BBD66EF5-5A21-4934-95FF-C43C2FD8AADF}.Release|x86.Build.0 = Release|Win32
		{7DEE4F77-7BEB-4E34-B69F-DA8E2314BB06}.Debug|x64.ActiveCfg = Debug|x64
		{7DEE4F77-7BEB-4E34-B69F-DA8E2314BB06}.Debug|x64.Build.0 = Debug|x64
		{7DEE4F77-7BEB-4E34-B69F-DA8E2314BB06}.Debug|x86.ActiveCfg = Debug|Win32
		{7DEE4F77-7BEB-4E34-B69F-DA8E2314BB06}.Debug|x86.Build.0 = Debug|Win32
		{7DEE4F77-7BEB-4E34-B69F-DA8E2314BB06}.Release|x64.ActiveCfg = Release|x64
		{7DEE4F77-7BEB-4E34-B69F-DA8E2314BB06}.Release|x64.Build.0 = Release|x64
		{7DEE4F77-7BEB-4E34-B69F-DA8E2314BB06}.Release|x86.ActiveCfg = Release|Win32
		{7DEE4F77-7BEB-4E34-B69F-DA8E2314BB06}.Release|x86.Build.0 = Release|Win32
		{A6F68152-83AC-42C0-BBE8-006C764FA37C}.Debug|x64.ActiveCfg = Debug|x64
		{A6F68152-83AC-42C0-BBE8-006C764FA37C}.Debug|x64.Build.0 = Debug|x64
		{A6F68152-83AC-42C0-BBE8-006C764FA37C}.Debug|x86.ActiveCfg = Debug|Win32
		{A6F68152-83AC-42C0-BBE8-006C764FA37C}.Debug|x86.Build.0 = Debug|Win32
		{A6F68152-83AC-42C0-BBE8-006C764FA37C}.Release|x64.ActiveCfg = Release|x64
		{A6F68152-83AC-42C0-BBE8-006C764FA37C}.Release|x64.Build.0 = Release|x64
		{A6F68152-83AC-42C0-BBE8-006C764FA37C}.Release|x86.ActiveCfg = Release|Win32
		{A6F68152-83AC-42C0-BBE8-006C764FA37C}.Release|x86.Build.0 = Release|Win32
	EndGlobalSection
	GlobalSection(SolutionProperties) = preSolution
		HideSolutionNode = FALSE
	EndGlobalSection
	GlobalSection(ExtensibilityGlobals) = postSolution
		SolutionGuid = {560BCA67-0CFB-43E6-AF7E-C3840E59D035}
	EndGlobalSection
EndGlobal
