
Microsoft Visual Studio Solution File, Format Version 12.00
# Visual Studio Version 17
VisualStudioVersion = 17.3.32922.545
MinimumVisualStudioVersion = 10.0.40219.1
Project("{8BC9CEB8-8B4A-11D0-8D11-00A0C91BC942}") = "Task1", "Task1\Task1.vcxproj", "{0395A5FB-D1A3-4A60-BA46-C64D4934CE5E}"
EndProject
Project("{8BC9CEB8-8B4A-11D0-8D11-00A0C91BC942}") = "Task2", "Task2\Task2.vcxproj", "{14530654-EDB9-4EDE-BC5E-7A5125B7DB42}"
EndProject
Project("{8BC9CEB8-8B4A-11D0-8D11-00A0C91BC942}") = "Task3", "Task3\Task3.vcxproj", "{CE850CB1-7EE3-4953-8F6E-426135C358D5}"
EndProject
Project("{8BC9CEB8-8B4A-11D0-8D11-00A0C91BC942}") = "Task4", "Task4\Task4.vcxproj", "{C9CC3D35-DDC9-462E-89A4-4E4B3D45F1D6}"
EndProject
Project("{8BC9CEB8-8B4A-11D0-8D11-00A0C91BC942}") = "Task5", "Task5\Task5.vcxproj", "{9EEE1455-8189-4F65-B875-2667F93C472A}"
EndProject
Project("{8BC9CEB8-8B4A-11D0-8D11-00A0C91BC942}") = "Task6", "Task6\Task6.vcxproj", "{B7A649C8-2042-4A7E-BC03-44710F366CF8}"
EndProject
Project("{8BC9CEB8-8B4A-11D0-8D11-00A0C91BC942}") = "Task7", "Task7\Task7.vcxproj", "{CB5BE4BA-2D99-4A46-A694-98C0FAA839EB}"
EndProject
Project("{8BC9CEB8-8B4A-11D0-8D11-00A0C91BC942}") = "Task8", "Task8\Task8.vcxproj", "{F0406842-D52B-41DF-A816-184C75A9533F}"
EndProject
Project("{8BC9CEB8-8B4A-11D0-8D11-00A0C91BC942}") = "Task9", "Task9\Task9.vcxproj", "{68C41BAA-8225-42B6-8ABB-C38D9FD7A9D8}"
EndProject
Project("{8BC9CEB8-8B4A-11D0-8D11-00A0C91BC942}") = "Task10", "Task10\Task10.vcxproj", "{AF8B1490-02BF-45E6-9E67-4160F728D51F}"
EndProject
Global
	GlobalSection(SolutionConfigurationPlatforms) = preSolution
		Debug|x64 = Debug|x64
		Debug|x86 = Debug|x86
		Release|x64 = Release|x64
		Release|x86 = Release|x86
	EndGlobalSection
	GlobalSection(ProjectConfigurationPlatforms) = postSolution
		{0395A5FB-D1A3-4A60-BA46-C64D4934CE5E}.Debug|x64.ActiveCfg = Debug|x64
		{0395A5FB-D1A3-4A60-BA46-C64D4934CE5E}.Debug|x64.Build.0 = Debug|x64
		{0395A5FB-D1A3-4A60-BA46-C64D4934CE5E}.Debug|x86.ActiveCfg = Debug|Win32
		{0395A5FB-D1A3-4A60-BA46-C64D4934CE5E}.Debug|x86.Build.0 = Debug|Win32
		{0395A5FB-D1A3-4A60-BA46-C64D4934CE5E}.Release|x64.ActiveCfg = Release|x64
		{0395A5FB-D1A3-4A60-BA46-C64D4934CE5E}.Release|x64.Build.0 = Release|x64
		{0395A5FB-D1A3-4A60-BA46-C64D4934CE5E}.Release|x86.ActiveCfg = Release|Win32
		{0395A5FB-D1A3-4A60-BA46-C64D4934CE5E}.Release|x86.Build.0 = Release|Win32
		{14530654-EDB9-4EDE-BC5E-7A5125B7DB42}.Debug|x64.ActiveCfg = Debug|x64
		{14530654-EDB9-4EDE-BC5E-7A5125B7DB42}.Debug|x64.Build.0 = Debug|x64
		{14530654-EDB9-4EDE-BC5E-7A5125B7DB42}.Debug|x86.ActiveCfg = Debug|Win32
		{14530654-EDB9-4EDE-BC5E-7A5125B7DB42}.Debug|x86.Build.0 = Debug|Win32
		{14530654-EDB9-4EDE-BC5E-7A5125B7DB42}.Release|x64.ActiveCfg = Release|x64
		{14530654-EDB9-4EDE-BC5E-7A5125B7DB42}.Release|x64.Build.0 = Release|x64
		{14530654-EDB9-4EDE-BC5E-7A5125B7DB42}.Release|x86.ActiveCfg = Release|Win32
		{14530654-EDB9-4EDE-BC5E-7A5125B7DB42}.Release|x86.Build.0 = Release|Win32
		{CE850CB1-7EE3-4953-8F6E-426135C358D5}.Debug|x64.ActiveCfg = Debug|x64
		{CE850CB1-7EE3-4953-8F6E-426135C358D5}.Debug|x64.Build.0 = Debug|x64
		{CE850CB1-7EE3-4953-8F6E-426135C358D5}.Debug|x86.ActiveCfg = Debug|Win32
		{CE850CB1-7EE3-4953-8F6E-426135C358D5}.Debug|x86.Build.0 = Debug|Win32
		{CE850CB1-7EE3-4953-8F6E-426135C358D5}.Release|x64.ActiveCfg = Release|x64
		{CE850CB1-7EE3-4953-8F6E-426135C358D5}.Release|x64.Build.0 = Release|x64
		{CE850CB1-7EE3-4953-8F6E-426135C358D5}.Release|x86.ActiveCfg = Release|Win32
		{CE850CB1-7EE3-4953-8F6E-426135C358D5}.Release|x86.Build.0 = Release|Win32
		{C9CC3D35-DDC9-462E-89A4-4E4B3D45F1D6}.Debug|x64.ActiveCfg = Debug|x64
		{C9CC3D35-DDC9-462E-89A4-4E4B3D45F1D6}.Debug|x64.Build.0 = Debug|x64
		{C9CC3D35-DDC9-462E-89A4-4E4B3D45F1D6}.Debug|x86.ActiveCfg = Debug|Win32
		{C9CC3D35-DDC9-462E-89A4-4E4B3D45F1D6}.Debug|x86.Build.0 = Debug|Win32
		{C9CC3D35-DDC9-462E-89A4-4E4B3D45F1D6}.Release|x64.ActiveCfg = Release|x64
		{C9CC3D35-DDC9-462E-89A4-4E4B3D45F1D6}.Release|x64.Build.0 = Release|x64
		{C9CC3D35-DDC9-462E-89A4-4E4B3D45F1D6}.Release|x86.ActiveCfg = Release|Win32
		{C9CC3D35-DDC9-462E-89A4-4E4B3D45F1D6}.Release|x86.Build.0 = Release|Win32
		{9EEE1455-8189-4F65-B875-2667F93C472A}.Debug|x64.ActiveCfg = Debug|x64
		{9EEE1455-8189-4F65-B875-2667F93C472A}.Debug|x64.Build.0 = Debug|x64
		{9EEE1455-8189-4F65-B875-2667F93C472A}.Debug|x86.ActiveCfg = Debug|Win32
		{9EEE1455-8189-4F65-B875-2667F93C472A}.Debug|x86.Build.0 = Debug|Win32
		{9EEE1455-8189-4F65-B875-2667F93C472A}.Release|x64.ActiveCfg = Release|x64
		{9EEE1455-8189-4F65-B875-2667F93C472A}.Release|x64.Build.0 = Release|x64
		{9EEE1455-8189-4F65-B875-2667F93C472A}.Release|x86.ActiveCfg = Release|Win32
		{9EEE1455-8189-4F65-B875-2667F93C472A}.Release|x86.Build.0 = Release|Win32
		{B7A649C8-2042-4A7E-BC03-44710F366CF8}.Debug|x64.ActiveCfg = Debug|x64
		{B7A649C8-2042-4A7E-BC03-44710F366CF8}.Debug|x64.Build.0 = Debug|x64
		{B7A649C8-2042-4A7E-BC03-44710F366CF8}.Debug|x86.ActiveCfg = Debug|Win32
		{B7A649C8-2042-4A7E-BC03-44710F366CF8}.Debug|x86.Build.0 = Debug|Win32
		{B7A649C8-2042-4A7E-BC03-44710F366CF8}.Release|x64.ActiveCfg = Release|x64
		{B7A649C8-2042-4A7E-BC03-44710F366CF8}.Release|x64.Build.0 = Release|x64
		{B7A649C8-2042-4A7E-BC03-44710F366CF8}.Release|x86.ActiveCfg = Release|Win32
		{B7A649C8-2042-4A7E-BC03-44710F366CF8}.Release|x86.Build.0 = Release|Win32
		{CB5BE4BA-2D99-4A46-A694-98C0FAA839EB}.Debug|x64.ActiveCfg = Debug|x64
		{CB5BE4BA-2D99-4A46-A694-98C0FAA839EB}.Debug|x64.Build.0 = Debug|x64
		{CB5BE4BA-2D99-4A46-A694-98C0FAA839EB}.Debug|x86.ActiveCfg = Debug|Win32
		{CB5BE4BA-2D99-4A46-A694-98C0FAA839EB}.Debug|x86.Build.0 = Debug|Win32
		{CB5BE4BA-2D99-4A46-A694-98C0FAA839EB}.Release|x64.ActiveCfg = Release|x64
		{CB5BE4BA-2D99-4A46-A694-98C0FAA839EB}.Release|x64.Build.0 = Release|x64
		{CB5BE4BA-2D99-4A46-A694-98C0FAA839EB}.Release|x86.ActiveCfg = Release|Win32
		{CB5BE4BA-2D99-4A46-A694-98C0FAA839EB}.Release|x86.Build.0 = Release|Win32
		{F0406842-D52B-41DF-A816-184C75A9533F}.Debug|x64.ActiveCfg = Debug|x64
		{F0406842-D52B-41DF-A816-184C75A9533F}.Debug|x64.Build.0 = Debug|x64
		{F0406842-D52B-41DF-A816-184C75A9533F}.Debug|x86.ActiveCfg = Debug|Win32
		{F0406842-D52B-41DF-A816-184C75A9533F}.Debug|x86.Build.0 = Debug|Win32
		{F0406842-D52B-41DF-A816-184C75A9533F}.Release|x64.ActiveCfg = Release|x64
		{F0406842-D52B-41DF-A816-184C75A9533F}.Release|x64.Build.0 = Release|x64
		{F0406842-D52B-41DF-A816-184C75A9533F}.Release|x86.ActiveCfg = Release|Win32
		{F0406842-D52B-41DF-A816-184C75A9533F}.Release|x86.Build.0 = Release|Win32
		{68C41BAA-8225-42B6-8ABB-C38D9FD7A9D8}.Debug|x64.ActiveCfg = Debug|x64
		{68C41BAA-8225-42B6-8ABB-C38D9FD7A9D8}.Debug|x64.Build.0 = Debug|x64
		{68C41BAA-8225-42B6-8ABB-C38D9FD7A9D8}.Debug|x86.ActiveCfg = Debug|Win32
		{68C41BAA-8225-42B6-8ABB-C38D9FD7A9D8}.Debug|x86.Build.0 = Debug|Win32
		{68C41BAA-8225-42B6-8ABB-C38D9FD7A9D8}.Release|x64.ActiveCfg = Release|x64
		{68C41BAA-8225-42B6-8ABB-C38D9FD7A9D8}.Release|x64.Build.0 = Release|x64
		{68C41BAA-8225-42B6-8ABB-C38D9FD7A9D8}.Release|x86.ActiveCfg = Release|Win32
		{68C41BAA-8225-42B6-8ABB-C38D9FD7A9D8}.Release|x86.Build.0 = Release|Win32
		{AF8B1490-02BF-45E6-9E67-4160F728D51F}.Debug|x64.ActiveCfg = Debug|x64
		{AF8B1490-02BF-45E6-9E67-4160F728D51F}.Debug|x64.Build.0 = Debug|x64
		{AF8B1490-02BF-45E6-9E67-4160F728D51F}.Debug|x86.ActiveCfg = Debug|Win32
		{AF8B1490-02BF-45E6-9E67-4160F728D51F}.Debug|x86.Build.0 = Debug|Win32
		{AF8B1490-02BF-45E6-9E67-4160F728D51F}.Release|x64.ActiveCfg = Release|x64
		{AF8B1490-02BF-45E6-9E67-4160F728D51F}.Release|x64.Build.0 = Release|x64
		{AF8B1490-02BF-45E6-9E67-4160F728D51F}.Release|x86.ActiveCfg = Release|Win32
		{AF8B1490-02BF-45E6-9E67-4160F728D51F}.Release|x86.Build.0 = Release|Win32
	EndGlobalSection
	GlobalSection(SolutionProperties) = preSolution
		HideSolutionNode = FALSE
	EndGlobalSection
	GlobalSection(ExtensibilityGlobals) = postSolution
		SolutionGuid = {B95A05CC-9745-4502-984A-A3E3A5E6839E}
	EndGlobalSection
EndGlobal
