
Microsoft Visual Studio Solution File, Format Version 12.00
# Visual Studio Version 17
VisualStudioVersion = 17.3.32922.545
MinimumVisualStudioVersion = 10.0.40219.1
Project("{8BC9CEB8-8B4A-11D0-8D11-00A0C91BC942}") = "Task2", "Task2\Task2.vcxproj", "{35475285-FEFC-4880-B816-5A58DAB533E5}"
EndProject
Project("{8BC9CEB8-8B4A-11D0-8D11-00A0C91BC942}") = "Task3", "Task3\Task3.vcxproj", "{D7501474-C6DF-4ADC-9A6D-E507127E70C4}"
EndProject
Project("{8BC9CEB8-8B4A-11D0-8D11-00A0C91BC942}") = "Task1", "Task1\Task1.vcxproj", "{A69A4A26-BE13-47D7-9514-48BEFEAC286E}"
EndProject
Global
	GlobalSection(SolutionConfigurationPlatforms) = preSolution
		Debug|x64 = Debug|x64
		Debug|x86 = Debug|x86
		Release|x64 = Release|x64
		Release|x86 = Release|x86
	EndGlobalSection
	GlobalSection(ProjectConfigurationPlatforms) = postSolution
		{35475285-FEFC-4880-B816-5A58DAB533E5}.Debug|x64.ActiveCfg = Debug|x64
		{35475285-FEFC-4880-B816-5A58DAB533E5}.Debug|x64.Build.0 = Debug|x64
		{35475285-FEFC-4880-B816-5A58DAB533E5}.Debug|x86.ActiveCfg = Debug|Win32
		{35475285-FEFC-4880-B816-5A58DAB533E5}.Debug|x86.Build.0 = Debug|Win32
		{35475285-FEFC-4880-B816-5A58DAB533E5}.Release|x64.ActiveCfg = Release|x64
		{35475285-FEFC-4880-B816-5A58DAB533E5}.Release|x64.Build.0 = Release|x64
		{35475285-FEFC-4880-B816-5A58DAB533E5}.Release|x86.ActiveCfg = Release|Win32
		{35475285-FEFC-4880-B816-5A58DAB533E5}.Release|x86.Build.0 = Release|Win32
		{D7501474-C6DF-4ADC-9A6D-E507127E70C4}.Debug|x64.ActiveCfg = Debug|x64
		{D7501474-C6DF-4ADC-9A6D-E507127E70C4}.Debug|x64.Build.0 = Debug|x64
		{D7501474-C6DF-4ADC-9A6D-E507127E70C4}.Debug|x86.ActiveCfg = Debug|Win32
		{D7501474-C6DF-4ADC-9A6D-E507127E70C4}.Debug|x86.Build.0 = Debug|Win32
		{D7501474-C6DF-4ADC-9A6D-E507127E70C4}.Release|x64.ActiveCfg = Release|x64
		{D7501474-C6DF-4ADC-9A6D-E507127E70C4}.Release|x64.Build.0 = Release|x64
		{D7501474-C6DF-4ADC-9A6D-E507127E70C4}.Release|x86.ActiveCfg = Release|Win32
		{D7501474-C6DF-4ADC-9A6D-E507127E70C4}.Release|x86.Build.0 = Release|Win32
		{A69A4A26-BE13-47D7-9514-48BEFEAC286E}.Debug|x64.ActiveCfg = Debug|x64
		{A69A4A26-BE13-47D7-9514-48BEFEAC286E}.Debug|x64.Build.0 = Debug|x64
		{A69A4A26-BE13-47D7-9514-48BEFEAC286E}.Debug|x86.ActiveCfg = Debug|Win32
		{A69A4A26-BE13-47D7-9514-48BEFEAC286E}.Debug|x86.Build.0 = Debug|Win32
		{A69A4A26-BE13-47D7-9514-48BEFEAC286E}.Release|x64.ActiveCfg = Release|x64
		{A69A4A26-BE13-47D7-9514-48BEFEAC286E}.Release|x64.Build.0 = Release|x64
		{A69A4A26-BE13-47D7-9514-48BEFEAC286E}.Release|x86.ActiveCfg = Release|Win32
		{A69A4A26-BE13-47D7-9514-48BEFEAC286E}.Release|x86.Build.0 = Release|Win32
	EndGlobalSection
	GlobalSection(SolutionProperties) = preSolution
		HideSolutionNode = FALSE
	EndGlobalSection
	GlobalSection(ExtensibilityGlobals) = postSolution
		SolutionGuid = {72708791-8531-4AAB-8C2C-CF11D35030EE}
	EndGlobalSection
EndGlobal
